
Microsoft Visual Studio Solution File, Format Version 12.00
# Visual Studio 14
VisualStudioVersion = 14.0.25420.1
MinimumVisualStudioVersion = 10.0.40219.1
Project("{FAE04EC0-301F-11D3-BF4B-00C04F79EFBC}") = "Reflection1", "Reflection\Reflection1.csproj", "{7630A51C-4B6D-48A8-979A-27991BF50088}"
EndProject
Project("{FAE04EC0-301F-11D3-BF4B-00C04F79EFBC}") = "Reflection2", "Reflection2\Reflection2.csproj", "{13D83416-53E7-4779-B647-8D8A77FEAB97}"
EndProject
Project("{FAE04EC0-301F-11D3-BF4B-00C04F79EFBC}") = "BCLAttribute", "BCLAttribute\BCLAttribute.csproj", "{DDB59A92-084B-41E6-836A-10225AB5855E}"
EndProject
Project("{FAE04EC0-301F-11D3-BF4B-00C04F79EFBC}") = "ExceptionHandling", "ExceptionHandling\ExceptionHandling.csproj", "{1CEBCE62-8E6D-4DD7-A345-71F25F599666}"
EndProject
Project("{FAE04EC0-301F-11D3-BF4B-00C04F79EFBC}") = "Types2", "Types2\Types2.csproj", "{E6E4BEE6-E748-4726-A9E5-059DC40273B4}"
EndProject
Project("{FAE04EC0-301F-11D3-BF4B-00C04F79EFBC}") = "Types1", "Types1\Types1.csproj", "{9A452F48-D966-490F-ADCF-603EDA12035B}"
EndProject
Project("{FAE04EC0-301F-11D3-BF4B-00C04F79EFBC}") = "ORM", "ORM\ORM.csproj", "{05156EDE-7B9D-4F44-9FA6-5A0C636A0656}"
EndProject
Project("{FAE04EC0-301F-11D3-BF4B-00C04F79EFBC}") = "Entity", "Entity\Entity.csproj", "{5D122D90-AC4B-40C7-8EB3-8871915664C4}"
EndProject
Project("{FAE04EC0-301F-11D3-BF4B-00C04F79EFBC}") = "Caching", "Caching\Caching.csproj", "{C330BEDA-CCC4-45C6-A50E-6D9E4F208503}"
EndProject
Project("{FAE04EC0-301F-11D3-BF4B-00C04F79EFBC}") = "Monitoring", "Monitoring\Monitoring.csproj", "{5C98D97D-0035-4A6C-9FCF-AC8DBDA312E9}"
EndProject
Project("{FAE04EC0-301F-11D3-BF4B-00C04F79EFBC}") = "BasicSerialization", "BasicSerialization\BasicSerialization.csproj", "{1AFDF789-CE24-4295-9617-9A7F8847EE31}"
EndProject
Project("{FAE04EC0-301F-11D3-BF4B-00C04F79EFBC}") = "HttpParser", "HttpParser\HttpParser.csproj", "{681D1977-2A6B-4252-B0D8-327621AFA5B0}"
EndProject
Global
	GlobalSection(SolutionConfigurationPlatforms) = preSolution
		Debug|Any CPU = Debug|Any CPU
		Release|Any CPU = Release|Any CPU
	EndGlobalSection
	GlobalSection(ProjectConfigurationPlatforms) = postSolution
		{7630A51C-4B6D-48A8-979A-27991BF50088}.Debug|Any CPU.ActiveCfg = Debug|Any CPU
		{7630A51C-4B6D-48A8-979A-27991BF50088}.Debug|Any CPU.Build.0 = Debug|Any CPU
		{7630A51C-4B6D-48A8-979A-27991BF50088}.Release|Any CPU.ActiveCfg = Release|Any CPU
		{7630A51C-4B6D-48A8-979A-27991BF50088}.Release|Any CPU.Build.0 = Release|Any CPU
		{13D83416-53E7-4779-B647-8D8A77FEAB97}.Debug|Any CPU.ActiveCfg = Debug|Any CPU
		{13D83416-53E7-4779-B647-8D8A77FEAB97}.Debug|Any CPU.Build.0 = Debug|Any CPU
		{13D83416-53E7-4779-B647-8D8A77FEAB97}.Release|Any CPU.ActiveCfg = Release|Any CPU
		{13D83416-53E7-4779-B647-8D8A77FEAB97}.Release|Any CPU.Build.0 = Release|Any CPU
		{DDB59A92-084B-41E6-836A-10225AB5855E}.Debug|Any CPU.ActiveCfg = Debug|Any CPU
		{DDB59A92-084B-41E6-836A-10225AB5855E}.Debug|Any CPU.Build.0 = Debug|Any CPU
		{DDB59A92-084B-41E6-836A-10225AB5855E}.Release|Any CPU.ActiveCfg = Release|Any CPU
		{DDB59A92-084B-41E6-836A-10225AB5855E}.Release|Any CPU.Build.0 = Release|Any CPU
		{1CEBCE62-8E6D-4DD7-A345-71F25F599666}.Debug|Any CPU.ActiveCfg = Debug|Any CPU
		{1CEBCE62-8E6D-4DD7-A345-71F25F599666}.Debug|Any CPU.Build.0 = Debug|Any CPU
		{1CEBCE62-8E6D-4DD7-A345-71F25F599666}.Release|Any CPU.ActiveCfg = Release|Any CPU
		{1CEBCE62-8E6D-4DD7-A345-71F25F599666}.Release|Any CPU.Build.0 = Release|Any CPU
		{E6E4BEE6-E748-4726-A9E5-059DC40273B4}.Debug|Any CPU.ActiveCfg = Debug|Any CPU
		{E6E4BEE6-E748-4726-A9E5-059DC40273B4}.Debug|Any CPU.Build.0 = Debug|Any CPU
		{E6E4BEE6-E748-4726-A9E5-059DC40273B4}.Release|Any CPU.ActiveCfg = Release|Any CPU
		{E6E4BEE6-E748-4726-A9E5-059DC40273B4}.Release|Any CPU.Build.0 = Release|Any CPU
		{9A452F48-D966-490F-ADCF-603EDA12035B}.Debug|Any CPU.ActiveCfg = Debug|Any CPU
		{9A452F48-D966-490F-ADCF-603EDA12035B}.Debug|Any CPU.Build.0 = Debug|Any CPU
		{9A452F48-D966-490F-ADCF-603EDA12035B}.Release|Any CPU.ActiveCfg = Release|Any CPU
		{9A452F48-D966-490F-ADCF-603EDA12035B}.Release|Any CPU.Build.0 = Release|Any CPU
		{05156EDE-7B9D-4F44-9FA6-5A0C636A0656}.Debug|Any CPU.ActiveCfg = Debug|Any CPU
		{05156EDE-7B9D-4F44-9FA6-5A0C636A0656}.Debug|Any CPU.Build.0 = Debug|Any CPU
		{05156EDE-7B9D-4F44-9FA6-5A0C636A0656}.Release|Any CPU.ActiveCfg = Release|Any CPU
		{05156EDE-7B9D-4F44-9FA6-5A0C636A0656}.Release|Any CPU.Build.0 = Release|Any CPU
		{5D122D90-AC4B-40C7-8EB3-8871915664C4}.Debug|Any CPU.ActiveCfg = Debug|Any CPU
		{5D122D90-AC4B-40C7-8EB3-8871915664C4}.Debug|Any CPU.Build.0 = Debug|Any CPU
		{5D122D90-AC4B-40C7-8EB3-8871915664C4}.Release|Any CPU.ActiveCfg = Release|Any CPU
		{5D122D90-AC4B-40C7-8EB3-8871915664C4}.Release|Any CPU.Build.0 = Release|Any CPU
		{C330BEDA-CCC4-45C6-A50E-6D9E4F208503}.Debug|Any CPU.ActiveCfg = Debug|Any CPU
		{C330BEDA-CCC4-45C6-A50E-6D9E4F208503}.Debug|Any CPU.Build.0 = Debug|Any CPU
		{C330BEDA-CCC4-45C6-A50E-6D9E4F208503}.Release|Any CPU.ActiveCfg = Release|Any CPU
		{C330BEDA-CCC4-45C6-A50E-6D9E4F208503}.Release|Any CPU.Build.0 = Release|Any CPU
		{5C98D97D-0035-4A6C-9FCF-AC8DBDA312E9}.Debug|Any CPU.ActiveCfg = Debug|Any CPU
		{5C98D97D-0035-4A6C-9FCF-AC8DBDA312E9}.Debug|Any CPU.Build.0 = Debug|Any CPU
		{5C98D97D-0035-4A6C-9FCF-AC8DBDA312E9}.Release|Any CPU.ActiveCfg = Release|Any CPU
		{5C98D97D-0035-4A6C-9FCF-AC8DBDA312E9}.Release|Any CPU.Build.0 = Release|Any CPU
		{1AFDF789-CE24-4295-9617-9A7F8847EE31}.Debug|Any CPU.ActiveCfg = Debug|Any CPU
		{1AFDF789-CE24-4295-9617-9A7F8847EE31}.Debug|Any CPU.Build.0 = Debug|Any CPU
		{1AFDF789-CE24-4295-9617-9A7F8847EE31}.Release|Any CPU.ActiveCfg = Release|Any CPU
		{1AFDF789-CE24-4295-9617-9A7F8847EE31}.Release|Any CPU.Build.0 = Release|Any CPU
		{681D1977-2A6B-4252-B0D8-327621AFA5B0}.Debug|Any CPU.ActiveCfg = Debug|Any CPU
		{681D1977-2A6B-4252-B0D8-327621AFA5B0}.Debug|Any CPU.Build.0 = Debug|Any CPU
		{681D1977-2A6B-4252-B0D8-327621AFA5B0}.Release|Any CPU.ActiveCfg = Release|Any CPU
		{681D1977-2A6B-4252-B0D8-327621AFA5B0}.Release|Any CPU.Build.0 = Release|Any CPU
	EndGlobalSection
	GlobalSection(SolutionProperties) = preSolution
		HideSolutionNode = FALSE
	EndGlobalSection
EndGlobal
